# THIS IS AN AUTOGENERATED FILE. DO NOT EDIT THIS FILE DIRECTLY.
# yarn lockfile v1


"@types/lodash-es@^4.17.0":
  version "4.17.0"
  resolved "https://registry.yarnpkg.com/@types/lodash-es/-/lodash-es-4.17.0.tgz#ed9044d62ee36a93e0650b112701986b1c74c766"
  dependencies:
    "@types/lodash" "*"

"@types/lodash@*":
  version "4.14.104"
  resolved "https://registry.yarnpkg.com/@types/lodash/-/lodash-4.14.104.tgz#53ee2357fa2e6e68379341d92eb2ecea4b11bb80"

"@types/qs@^6.5.1":
  version "6.5.1"
  resolved "https://registry.yarnpkg.com/@types/qs/-/qs-6.5.1.tgz#a38f69c62528d56ba7bd1f91335a8004988d72f7"

axios@^0.18.0:
  version "0.18.0"
  resolved "https://registry.yarnpkg.com/axios/-/axios-0.18.0.tgz#32d53e4851efdc0a11993b6cd000789d70c05102"
  dependencies:
    follow-redirects "^1.3.0"
    is-buffer "^1.1.5"

date-fns@^2.0.0-alpha.7:
  version "2.0.0-alpha.7"
  resolved "https://registry.yarnpkg.com/date-fns/-/date-fns-2.0.0-alpha.7.tgz#245ad16f95764eababfb2c0a41fd5d033c20e57a"

debug@^3.1.0:
  version "3.1.0"
  resolved "https://registry.yarnpkg.com/debug/-/debug-3.1.0.tgz#5bb5a0672628b64149566ba16819e61518c67261"
  dependencies:
    ms "2.0.0"

follow-redirects@^1.3.0:
  version "1.4.1"
  resolved "https://registry.yarnpkg.com/follow-redirects/-/follow-redirects-1.4.1.tgz#d8120f4518190f55aac65bb6fc7b85fcd666d6aa"
  dependencies:
    debug "^3.1.0"

is-buffer@^1.1.5:
  version "1.1.6"
  resolved "https://registry.yarnpkg.com/is-buffer/-/is-buffer-1.1.6.tgz#efaa2ea9daa0d7ab2ea13a97b2b8ad51fefbe8be"

lodash-es@^4.17.5:
  version "4.17.10"
  resolved "https://registry.yarnpkg.com/lodash-es/-/lodash-es-4.17.10.tgz#62cd7104cdf5dd87f235a837f0ede0e8e5117e05"

ms@2.0.0:
  version "2.0.0"
  resolved "https://registry.yarnpkg.com/ms/-/ms-2.0.0.tgz#5608aeadfc00be6c2901df5f9861788de0d597c8"

qs@^6.5.1:
  version "6.5.2"
  resolved "https://registry.yarnpkg.com/qs/-/qs-6.5.2.tgz#cb3ae806e8740444584ef154ce8ee98d403f3e36"

typescript@2.8.3:
  version "2.8.3"
  resolved "https://registry.yarnpkg.com/typescript/-/typescript-2.8.3.tgz#5d817f9b6f31bb871835f4edf0089f21abe6c170"

vue@^2.5.13:
  version "2.5.16"
  resolved "https://registry.yarnpkg.com/vue/-/vue-2.5.16.tgz#07edb75e8412aaeed871ebafa99f4672584a0085"
