
Microsoft Visual Studio Solution File, Format Version 12.00
# Visual Studio 14
VisualStudioVersion = 14.0.25123.0
MinimumVisualStudioVersion = 10.0.40219.1
Project("{2150E333-8FDC-42A3-9474-1A3956D46DE8}") = "src", "src", "{18165BA2-31FA-4D8E-94BE-AAD008D6BCEB}"
EndProject
Project("{8BB2217D-0F2D-49D1-97BC-3654ED321F3B}") = "Intellitect.ComponentModel", "src\Intellitect.ComponentModel\Intellitect.ComponentModel.xproj", "{70A4DC17-0F5D-4FF0-8D9C-ECDCBB565203}"
EndProject
Project("{8BB2217D-0F2D-49D1-97BC-3654ED321F3B}") = "Intellitect.Extensions.CodeGenerators.Mvc", "src\Intellitect.Extensions.CodeGenerators.Mvc\Intellitect.Extensions.CodeGenerators.Mvc.xproj", "{20095DF9-5DC4-4B74-80F8-92B71EB3A921}"
EndProject
Project("{8BB2217D-0F2D-49D1-97BC-3654ED321F3B}") = "Coalesce.Domain", "src\Coalesce.Domain\Coalesce.Domain.xproj", "{951E4FE5-E4AA-4D62-B93A-77C428FEB84C}"
EndProject
Project("{8BB2217D-0F2D-49D1-97BC-3654ED321F3B}") = "Coalesce.Web", "src\Coalesce.Web\Coalesce.Web.xproj", "{3BE66D5E-C724-4BD2-B18A-125435016717}"
EndProject
Project("{8BB2217D-0F2D-49D1-97BC-3654ED321F3B}") = "Coalesce.Web.Tests", "src\Coalesce.Web.Tests\Coalesce.Web.Tests.xproj", "{2EA48EAF-7101-4762-BE6A-AA76FCF2B7FC}"
EndProject
Project("{8BB2217D-0F2D-49D1-97BC-3654ED321F3B}") = "Intellitect.ComponentModel.Tests", "src\Intellitect.ComponentModel.Tests\Intellitect.ComponentModel.Tests.xproj", "{1E015AC9-1537-4078-9167-B5C49A1C7DEE}"
EndProject
Project("{8BB2217D-0F2D-49D1-97BC-3654ED321F3B}") = "Coalesce.Domain.Tests", "src\Coalesce.Domain.Tests\Coalesce.Domain.Tests.xproj", "{06AD3635-FFFE-4254-80EB-F3F3424A8460}"
EndProject
Project("{2150E333-8FDC-42A3-9474-1A3956D46DE8}") = "Solution Items", "Solution Items", "{3D54FE4D-75AC-4E0C-99B9-13C3D7AAFFAF}"
	ProjectSection(SolutionItems) = preProject
		.gitignore = .gitignore
		global.json = global.json
		NuGet.config.bad = NuGet.config.bad
	EndProjectSection
EndProject
Project("{8BB2217D-0F2D-49D1-97BC-3654ED321F3B}") = "Intellitect.NLog.Extensions", "src\Intellitect.NLog.Extensions\Intellitect.NLog.Extensions.xproj", "{EAFB9FAA-FD5B-4D7F-B627-D72D4379C28F}"
EndProject
Project("{8BB2217D-0F2D-49D1-97BC-3654ED321F3B}") = "Coalesce.Cli", "src\Coalesce.Cli\Coalesce.Cli.xproj", "{3B393517-9C91-4432-B9D0-F48488767B8F}"
EndProject
Global
	GlobalSection(SolutionConfigurationPlatforms) = preSolution
		Debug|Any CPU = Debug|Any CPU
		Release|Any CPU = Release|Any CPU
	EndGlobalSection
	GlobalSection(ProjectConfigurationPlatforms) = postSolution
		{70A4DC17-0F5D-4FF0-8D9C-ECDCBB565203}.Debug|Any CPU.ActiveCfg = Debug|Any CPU
		{70A4DC17-0F5D-4FF0-8D9C-ECDCBB565203}.Debug|Any CPU.Build.0 = Debug|Any CPU
		{70A4DC17-0F5D-4FF0-8D9C-ECDCBB565203}.Release|Any CPU.ActiveCfg = Release|Any CPU
		{70A4DC17-0F5D-4FF0-8D9C-ECDCBB565203}.Release|Any CPU.Build.0 = Release|Any CPU
		{20095DF9-5DC4-4B74-80F8-92B71EB3A921}.Debug|Any CPU.ActiveCfg = Debug|Any CPU
		{20095DF9-5DC4-4B74-80F8-92B71EB3A921}.Debug|Any CPU.Build.0 = Debug|Any CPU
		{20095DF9-5DC4-4B74-80F8-92B71EB3A921}.Release|Any CPU.ActiveCfg = Release|Any CPU
		{20095DF9-5DC4-4B74-80F8-92B71EB3A921}.Release|Any CPU.Build.0 = Release|Any CPU
		{951E4FE5-E4AA-4D62-B93A-77C428FEB84C}.Debug|Any CPU.ActiveCfg = Debug|Any CPU
		{951E4FE5-E4AA-4D62-B93A-77C428FEB84C}.Debug|Any CPU.Build.0 = Debug|Any CPU
		{951E4FE5-E4AA-4D62-B93A-77C428FEB84C}.Release|Any CPU.ActiveCfg = Release|Any CPU
		{951E4FE5-E4AA-4D62-B93A-77C428FEB84C}.Release|Any CPU.Build.0 = Release|Any CPU
		{3BE66D5E-C724-4BD2-B18A-125435016717}.Debug|Any CPU.ActiveCfg = Debug|Any CPU
		{3BE66D5E-C724-4BD2-B18A-125435016717}.Debug|Any CPU.Build.0 = Debug|Any CPU
		{3BE66D5E-C724-4BD2-B18A-125435016717}.Release|Any CPU.ActiveCfg = Release|Any CPU
		{3BE66D5E-C724-4BD2-B18A-125435016717}.Release|Any CPU.Build.0 = Release|Any CPU
		{2EA48EAF-7101-4762-BE6A-AA76FCF2B7FC}.Debug|Any CPU.ActiveCfg = Debug|Any CPU
		{2EA48EAF-7101-4762-BE6A-AA76FCF2B7FC}.Debug|Any CPU.Build.0 = Debug|Any CPU
		{2EA48EAF-7101-4762-BE6A-AA76FCF2B7FC}.Release|Any CPU.ActiveCfg = Release|Any CPU
		{2EA48EAF-7101-4762-BE6A-AA76FCF2B7FC}.Release|Any CPU.Build.0 = Release|Any CPU
		{1E015AC9-1537-4078-9167-B5C49A1C7DEE}.Debug|Any CPU.ActiveCfg = Debug|Any CPU
		{1E015AC9-1537-4078-9167-B5C49A1C7DEE}.Debug|Any CPU.Build.0 = Debug|Any CPU
		{1E015AC9-1537-4078-9167-B5C49A1C7DEE}.Release|Any CPU.ActiveCfg = Release|Any CPU
		{1E015AC9-1537-4078-9167-B5C49A1C7DEE}.Release|Any CPU.Build.0 = Release|Any CPU
		{06AD3635-FFFE-4254-80EB-F3F3424A8460}.Debug|Any CPU.ActiveCfg = Debug|Any CPU
		{06AD3635-FFFE-4254-80EB-F3F3424A8460}.Debug|Any CPU.Build.0 = Debug|Any CPU
		{06AD3635-FFFE-4254-80EB-F3F3424A8460}.Release|Any CPU.ActiveCfg = Release|Any CPU
		{06AD3635-FFFE-4254-80EB-F3F3424A8460}.Release|Any CPU.Build.0 = Release|Any CPU
		{EAFB9FAA-FD5B-4D7F-B627-D72D4379C28F}.Debug|Any CPU.ActiveCfg = Debug|Any CPU
		{EAFB9FAA-FD5B-4D7F-B627-D72D4379C28F}.Debug|Any CPU.Build.0 = Debug|Any CPU
		{EAFB9FAA-FD5B-4D7F-B627-D72D4379C28F}.Release|Any CPU.ActiveCfg = Release|Any CPU
		{EAFB9FAA-FD5B-4D7F-B627-D72D4379C28F}.Release|Any CPU.Build.0 = Release|Any CPU
		{3B393517-9C91-4432-B9D0-F48488767B8F}.Debug|Any CPU.ActiveCfg = Debug|Any CPU
		{3B393517-9C91-4432-B9D0-F48488767B8F}.Debug|Any CPU.Build.0 = Debug|Any CPU
		{3B393517-9C91-4432-B9D0-F48488767B8F}.Release|Any CPU.ActiveCfg = Release|Any CPU
		{3B393517-9C91-4432-B9D0-F48488767B8F}.Release|Any CPU.Build.0 = Release|Any CPU
	EndGlobalSection
	GlobalSection(SolutionProperties) = preSolution
		HideSolutionNode = FALSE
	EndGlobalSection
	GlobalSection(NestedProjects) = preSolution
		{70A4DC17-0F5D-4FF0-8D9C-ECDCBB565203} = {18165BA2-31FA-4D8E-94BE-AAD008D6BCEB}
		{20095DF9-5DC4-4B74-80F8-92B71EB3A921} = {18165BA2-31FA-4D8E-94BE-AAD008D6BCEB}
		{951E4FE5-E4AA-4D62-B93A-77C428FEB84C} = {18165BA2-31FA-4D8E-94BE-AAD008D6BCEB}
		{3BE66D5E-C724-4BD2-B18A-125435016717} = {18165BA2-31FA-4D8E-94BE-AAD008D6BCEB}
		{2EA48EAF-7101-4762-BE6A-AA76FCF2B7FC} = {18165BA2-31FA-4D8E-94BE-AAD008D6BCEB}
		{1E015AC9-1537-4078-9167-B5C49A1C7DEE} = {18165BA2-31FA-4D8E-94BE-AAD008D6BCEB}
		{06AD3635-FFFE-4254-80EB-F3F3424A8460} = {18165BA2-31FA-4D8E-94BE-AAD008D6BCEB}
		{EAFB9FAA-FD5B-4D7F-B627-D72D4379C28F} = {18165BA2-31FA-4D8E-94BE-AAD008D6BCEB}
		{3B393517-9C91-4432-B9D0-F48488767B8F} = {18165BA2-31FA-4D8E-94BE-AAD008D6BCEB}
	EndGlobalSection
EndGlobal
