
Microsoft Visual Studio Solution File, Format Version 12.00
# Visual Studio Version 17
VisualStudioVersion = 17.0.31903.59
MinimumVisualStudioVersion = 15.0.26124.0
Project("{9A19103F-16F7-4668-BE54-9A1E7A4F7556}") = "Coalesce.Starter.Vue.Web", "Coalesce.Starter.Vue.Web\Coalesce.Starter.Vue.Web.csproj", "{47B24900-4B6C-4252-8EDF-2F2262CE7BF5}"
EndProject
Project("{9A19103F-16F7-4668-BE54-9A1E7A4F7556}") = "Coalesce.Starter.Vue.Data", "Coalesce.Starter.Vue.Data\Coalesce.Starter.Vue.Data.csproj", "{038A995F-1FFD-4A2C-A7C8-12562EA8A7CA}"
EndProject
Project("{2150E333-8FDC-42A3-9474-1A3956D46DE8}") = "src", "src", "{609092D6-B426-4AFA-B33E-D4200ADAF917}"
EndProject
Project("{2150E333-8FDC-42A3-9474-1A3956D46DE8}") = "test", "test", "{052426CE-FBCC-427E-AD06-18CEF42032DB}"
EndProject
Project("{2150E333-8FDC-42A3-9474-1A3956D46DE8}") = "Solution Items", "Solution Items", "{1F813226-5E1D-4DE2-A070-CB91749FE77A}"
	ProjectSection(SolutionItems) = preProject
		.editorconfig = .editorconfig
		.gitignore = .gitignore
		coalesce.json = coalesce.json
		Directory.Build.props = Directory.Build.props
	EndProjectSection
EndProject
Project("{9A19103F-16F7-4668-BE54-9A1E7A4F7556}") = "Coalesce.Starter.Vue.Data.Test", "Coalesce.Starter.Vue.Data.Test\Coalesce.Starter.Vue.Data.Test.csproj", "{F45EC051-855F-4B7C-A8C1-FC384F52898B}"
EndProject
Project("{FAE04EC0-301F-11D3-BF4B-00C04F79EFBC}") = "Coalesce.Starter.Vue.AppHost", "Coalesce.Starter.Vue.AppHost\Coalesce.Starter.Vue.AppHost.csproj", "{6BE3890D-5650-4D45-8C79-90EBF56AA844}"
EndProject
Global
	GlobalSection(SolutionConfigurationPlatforms) = preSolution
		Debug|Any CPU = Debug|Any CPU
		Debug|x64 = Debug|x64
		Debug|x86 = Debug|x86
		Release|Any CPU = Release|Any CPU
		Release|x64 = Release|x64
		Release|x86 = Release|x86
	EndGlobalSection
	GlobalSection(ProjectConfigurationPlatforms) = postSolution
		{47B24900-4B6C-4252-8EDF-2F2262CE7BF5}.Debug|Any CPU.ActiveCfg = Debug|Any CPU
		{47B24900-4B6C-4252-8EDF-2F2262CE7BF5}.Debug|Any CPU.Build.0 = Debug|Any CPU
		{47B24900-4B6C-4252-8EDF-2F2262CE7BF5}.Debug|x64.ActiveCfg = Debug|Any CPU
		{47B24900-4B6C-4252-8EDF-2F2262CE7BF5}.Debug|x64.Build.0 = Debug|Any CPU
		{47B24900-4B6C-4252-8EDF-2F2262CE7BF5}.Debug|x86.ActiveCfg = Debug|Any CPU
		{47B24900-4B6C-4252-8EDF-2F2262CE7BF5}.Debug|x86.Build.0 = Debug|Any CPU
		{47B24900-4B6C-4252-8EDF-2F2262CE7BF5}.Release|Any CPU.ActiveCfg = Release|Any CPU
		{47B24900-4B6C-4252-8EDF-2F2262CE7BF5}.Release|Any CPU.Build.0 = Release|Any CPU
		{47B24900-4B6C-4252-8EDF-2F2262CE7BF5}.Release|x64.ActiveCfg = Release|Any CPU
		{47B24900-4B6C-4252-8EDF-2F2262CE7BF5}.Release|x64.Build.0 = Release|Any CPU
		{47B24900-4B6C-4252-8EDF-2F2262CE7BF5}.Release|x86.ActiveCfg = Release|Any CPU
		{47B24900-4B6C-4252-8EDF-2F2262CE7BF5}.Release|x86.Build.0 = Release|Any CPU
		{038A995F-1FFD-4A2C-A7C8-12562EA8A7CA}.Debug|Any CPU.ActiveCfg = Debug|Any CPU
		{038A995F-1FFD-4A2C-A7C8-12562EA8A7CA}.Debug|Any CPU.Build.0 = Debug|Any CPU
		{038A995F-1FFD-4A2C-A7C8-12562EA8A7CA}.Debug|x64.ActiveCfg = Debug|Any CPU
		{038A995F-1FFD-4A2C-A7C8-12562EA8A7CA}.Debug|x64.Build.0 = Debug|Any CPU
		{038A995F-1FFD-4A2C-A7C8-12562EA8A7CA}.Debug|x86.ActiveCfg = Debug|Any CPU
		{038A995F-1FFD-4A2C-A7C8-12562EA8A7CA}.Debug|x86.Build.0 = Debug|Any CPU
		{038A995F-1FFD-4A2C-A7C8-12562EA8A7CA}.Release|Any CPU.ActiveCfg = Release|Any CPU
		{038A995F-1FFD-4A2C-A7C8-12562EA8A7CA}.Release|Any CPU.Build.0 = Release|Any CPU
		{038A995F-1FFD-4A2C-A7C8-12562EA8A7CA}.Release|x64.ActiveCfg = Release|Any CPU
		{038A995F-1FFD-4A2C-A7C8-12562EA8A7CA}.Release|x64.Build.0 = Release|Any CPU
		{038A995F-1FFD-4A2C-A7C8-12562EA8A7CA}.Release|x86.ActiveCfg = Release|Any CPU
		{038A995F-1FFD-4A2C-A7C8-12562EA8A7CA}.Release|x86.Build.0 = Release|Any CPU
		{F45EC051-855F-4B7C-A8C1-FC384F52898B}.Debug|Any CPU.ActiveCfg = Debug|Any CPU
		{F45EC051-855F-4B7C-A8C1-FC384F52898B}.Debug|Any CPU.Build.0 = Debug|Any CPU
		{F45EC051-855F-4B7C-A8C1-FC384F52898B}.Debug|x64.ActiveCfg = Debug|Any CPU
		{F45EC051-855F-4B7C-A8C1-FC384F52898B}.Debug|x64.Build.0 = Debug|Any CPU
		{F45EC051-855F-4B7C-A8C1-FC384F52898B}.Debug|x86.ActiveCfg = Debug|Any CPU
		{F45EC051-855F-4B7C-A8C1-FC384F52898B}.Debug|x86.Build.0 = Debug|Any CPU
		{F45EC051-855F-4B7C-A8C1-FC384F52898B}.Release|Any CPU.ActiveCfg = Release|Any CPU
		{F45EC051-855F-4B7C-A8C1-FC384F52898B}.Release|Any CPU.Build.0 = Release|Any CPU
		{F45EC051-855F-4B7C-A8C1-FC384F52898B}.Release|x64.ActiveCfg = Release|Any CPU
		{F45EC051-855F-4B7C-A8C1-FC384F52898B}.Release|x64.Build.0 = Release|Any CPU
		{F45EC051-855F-4B7C-A8C1-FC384F52898B}.Release|x86.ActiveCfg = Release|Any CPU
		{F45EC051-855F-4B7C-A8C1-FC384F52898B}.Release|x86.Build.0 = Release|Any CPU
		{6BE3890D-5650-4D45-8C79-90EBF56AA844}.Debug|Any CPU.ActiveCfg = Debug|Any CPU
		{6BE3890D-5650-4D45-8C79-90EBF56AA844}.Debug|Any CPU.Build.0 = Debug|Any CPU
		{6BE3890D-5650-4D45-8C79-90EBF56AA844}.Debug|x64.ActiveCfg = Debug|Any CPU
		{6BE3890D-5650-4D45-8C79-90EBF56AA844}.Debug|x64.Build.0 = Debug|Any CPU
		{6BE3890D-5650-4D45-8C79-90EBF56AA844}.Debug|x86.ActiveCfg = Debug|Any CPU
		{6BE3890D-5650-4D45-8C79-90EBF56AA844}.Debug|x86.Build.0 = Debug|Any CPU
		{6BE3890D-5650-4D45-8C79-90EBF56AA844}.Release|Any CPU.ActiveCfg = Release|Any CPU
		{6BE3890D-5650-4D45-8C79-90EBF56AA844}.Release|Any CPU.Build.0 = Release|Any CPU
		{6BE3890D-5650-4D45-8C79-90EBF56AA844}.Release|x64.ActiveCfg = Release|Any CPU
		{6BE3890D-5650-4D45-8C79-90EBF56AA844}.Release|x64.Build.0 = Release|Any CPU
		{6BE3890D-5650-4D45-8C79-90EBF56AA844}.Release|x86.ActiveCfg = Release|Any CPU
		{6BE3890D-5650-4D45-8C79-90EBF56AA844}.Release|x86.Build.0 = Release|Any CPU
	EndGlobalSection
	GlobalSection(SolutionProperties) = preSolution
		HideSolutionNode = FALSE
	EndGlobalSection
	GlobalSection(NestedProjects) = preSolution
		{47B24900-4B6C-4252-8EDF-2F2262CE7BF5} = {609092D6-B426-4AFA-B33E-D4200ADAF917}
		{038A995F-1FFD-4A2C-A7C8-12562EA8A7CA} = {609092D6-B426-4AFA-B33E-D4200ADAF917}
		{F45EC051-855F-4B7C-A8C1-FC384F52898B} = {052426CE-FBCC-427E-AD06-18CEF42032DB}
		{6BE3890D-5650-4D45-8C79-90EBF56AA844} = {609092D6-B426-4AFA-B33E-D4200ADAF917}
	EndGlobalSection
	GlobalSection(ExtensibilityGlobals) = postSolution
		SolutionGuid = {9655412D-596B-476B-A97C-5C191A281C56}
	EndGlobalSection
EndGlobal
