
Microsoft Visual Studio Solution File, Format Version 12.00
# Visual Studio Version 17
VisualStudioVersion = 17.5.001.0
MinimumVisualStudioVersion = 10.0.40219.1
Project("{9A19103F-16F7-4668-BE54-9A1E7A4F7556}") = "Coalesce.Web.Vue3", "Coalesce.Web.Vue3.csproj", "{D2C76EA6-91A4-4AA1-A9F3-24D35889775F}"
EndProject
Global
	GlobalSection(SolutionConfigurationPlatforms) = preSolution
		Debug|Any CPU = Debug|Any CPU
		Release|Any CPU = Release|Any CPU
	EndGlobalSection
	GlobalSection(ProjectConfigurationPlatforms) = postSolution
		{D2C76EA6-91A4-4AA1-A9F3-24D35889775F}.Debug|Any CPU.ActiveCfg = Debug|Any CPU
		{D2C76EA6-91A4-4AA1-A9F3-24D35889775F}.Debug|Any CPU.Build.0 = Debug|Any CPU
		{D2C76EA6-91A4-4AA1-A9F3-24D35889775F}.Release|Any CPU.ActiveCfg = Release|Any CPU
		{D2C76EA6-91A4-4AA1-A9F3-24D35889775F}.Release|Any CPU.Build.0 = Release|Any CPU
	EndGlobalSection
	GlobalSection(SolutionProperties) = preSolution
		HideSolutionNode = FALSE
	EndGlobalSection
	GlobalSection(ExtensibilityGlobals) = postSolution
		SolutionGuid = {28869FFC-B56B-470E-B3F5-40AB53CA41E0}
	EndGlobalSection
EndGlobal
