{
  "name": "coalesce-cg-knockout",
  "version": "1.0.0",
  "lockfileVersion": 2,
  "requires": true,
  "packages": {
    "": {
      "name": "coalesce-cg-knockout",
      "version": "1.0.0",
      "devDependencies": {
        "@types/bootstrap": "^3.3.36",
        "@types/bootstrap.v3.datetimepicker": "^4.17.46",
        "@types/jquery": "^3.2.17",
        "@types/knockout": "^3.4.47",
        "@types/knockout.validation": "0.0.36",
        "@types/select2": "^4.0.41",
        "moment": "2.29.4"
      }
    },
    "node_modules/@types/bootstrap": {
      "version": "3.3.39",
      "resolved": "https://registry.npmjs.org/@types/bootstrap/-/bootstrap-3.3.39.tgz",
      "integrity": "sha512-UGvzSQFkv0Oh2vjj30AfZructi7XvY0aRa1Y/vrgFq+tfrTMxtqQ9+s5liCYLJnrISc9LinEtOY5N8Ibrhj2Tg==",
      "dev": true,
      "dependencies": {
        "@types/jquery": "*"
      }
    },
    "node_modules/@types/bootstrap.v3.datetimepicker": {
      "version": "4.17.46",
      "resolved": "https://registry.npmjs.org/@types/bootstrap.v3.datetimepicker/-/bootstrap.v3.datetimepicker-4.17.46.tgz",
      "integrity": "sha512-YEatTDmoQhR9h3YTePfeD2BF3YSYjDEjXHWFy8nVKHIgEebdDIPsNaK7Ib+ZmDYIrsBlBVYbDXwALF/eV7e09A==",
      "dev": true,
      "dependencies": {
        "@types/jquery": "*",
        "moment": ">=2.14.0"
      }
    },
    "node_modules/@types/jquery": {
      "version": "3.3.1",
      "resolved": "https://registry.npmjs.org/@types/jquery/-/jquery-3.3.1.tgz",
      "integrity": "sha512-N3h+rzN518yl2xKrW0o6KKdNmWZ+OwG6SoM5TBEQFF0tTv5wXPEsoOuYQ2Kt3/89XbcSZUJLdjiT/2c3BR/ApQ==",
      "dev": true
    },
    "node_modules/@types/knockout": {
      "version": "3.4.53",
      "resolved": "https://registry.npmjs.org/@types/knockout/-/knockout-3.4.53.tgz",
      "integrity": "sha512-SF5CN1Ltn/x2YR3X9K58B0cbP2PPBam8HrflGT8lhqTQTrbgt/eFSeOSS2vnWfCGJScyL8v9Xlwwbe6tvtMiMQ==",
      "dev": true
    },
    "node_modules/@types/knockout.validation": {
      "version": "0.0.36",
      "resolved": "https://registry.npmjs.org/@types/knockout.validation/-/knockout.validation-0.0.36.tgz",
      "integrity": "sha512-DUXOwOEIJbsmQ0fd0ohLDreR/lQcNIuooW/bjTOutMAqwIdv1xM7NXeXfio6Iabhlrf1JGBC7/QB2ifvhTW9vg==",
      "dev": true,
      "dependencies": {
        "@types/knockout": "*"
      }
    },
    "node_modules/@types/select2": {
      "version": "4.0.45",
      "resolved": "https://registry.npmjs.org/@types/select2/-/select2-4.0.45.tgz",
      "integrity": "sha512-jvzZo7+kNTWgOo0aVxihZ4TiJDIkGOZIQ9LEafaD9zEJfq3ee8/OL6fvqXdsL6/ewn1F2tNAJolC1SszfbzwDg==",
      "dev": true,
      "dependencies": {
        "@types/jquery": "*"
      }
    },
    "node_modules/moment": {
      "version": "2.29.4",
      "resolved": "https://registry.npmjs.org/moment/-/moment-2.29.4.tgz",
      "integrity": "sha512-5LC9SOxjSc2HF6vO2CyuTDNivEdoz2IvyJJGj6X8DJ0eFyfszE0QiEd+iXmBvUP3WHxSjFH/vIsA0EN00cgr8w==",
      "dev": true,
      "engines": {
        "node": "*"
      }
    }
  },
  "dependencies": {
    "@types/bootstrap": {
      "version": "3.3.39",
      "resolved": "https://registry.npmjs.org/@types/bootstrap/-/bootstrap-3.3.39.tgz",
      "integrity": "sha512-UGvzSQFkv0Oh2vjj30AfZructi7XvY0aRa1Y/vrgFq+tfrTMxtqQ9+s5liCYLJnrISc9LinEtOY5N8Ibrhj2Tg==",
      "dev": true,
      "requires": {
        "@types/jquery": "*"
      }
    },
    "@types/bootstrap.v3.datetimepicker": {
      "version": "4.17.46",
      "resolved": "https://registry.npmjs.org/@types/bootstrap.v3.datetimepicker/-/bootstrap.v3.datetimepicker-4.17.46.tgz",
      "integrity": "sha512-YEatTDmoQhR9h3YTePfeD2BF3YSYjDEjXHWFy8nVKHIgEebdDIPsNaK7Ib+ZmDYIrsBlBVYbDXwALF/eV7e09A==",
      "dev": true,
      "requires": {
        "@types/jquery": "*",
        "moment": ">=2.14.0"
      }
    },
    "@types/jquery": {
      "version": "3.3.1",
      "resolved": "https://registry.npmjs.org/@types/jquery/-/jquery-3.3.1.tgz",
      "integrity": "sha512-N3h+rzN518yl2xKrW0o6KKdNmWZ+OwG6SoM5TBEQFF0tTv5wXPEsoOuYQ2Kt3/89XbcSZUJLdjiT/2c3BR/ApQ==",
      "dev": true
    },
    "@types/knockout": {
      "version": "3.4.53",
      "resolved": "https://registry.npmjs.org/@types/knockout/-/knockout-3.4.53.tgz",
      "integrity": "sha512-SF5CN1Ltn/x2YR3X9K58B0cbP2PPBam8HrflGT8lhqTQTrbgt/eFSeOSS2vnWfCGJScyL8v9Xlwwbe6tvtMiMQ==",
      "dev": true
    },
    "@types/knockout.validation": {
      "version": "0.0.36",
      "resolved": "https://registry.npmjs.org/@types/knockout.validation/-/knockout.validation-0.0.36.tgz",
      "integrity": "sha512-DUXOwOEIJbsmQ0fd0ohLDreR/lQcNIuooW/bjTOutMAqwIdv1xM7NXeXfio6Iabhlrf1JGBC7/QB2ifvhTW9vg==",
      "dev": true,
      "requires": {
        "@types/knockout": "*"
      }
    },
    "@types/select2": {
      "version": "4.0.45",
      "resolved": "https://registry.npmjs.org/@types/select2/-/select2-4.0.45.tgz",
      "integrity": "sha512-jvzZo7+kNTWgOo0aVxihZ4TiJDIkGOZIQ9LEafaD9zEJfq3ee8/OL6fvqXdsL6/ewn1F2tNAJolC1SszfbzwDg==",
      "dev": true,
      "requires": {
        "@types/jquery": "*"
      }
    },
    "moment": {
      "version": "2.29.4",
      "resolved": "https://registry.npmjs.org/moment/-/moment-2.29.4.tgz",
      "integrity": "sha512-5LC9SOxjSc2HF6vO2CyuTDNivEdoz2IvyJJGj6X8DJ0eFyfszE0QiEd+iXmBvUP3WHxSjFH/vIsA0EN00cgr8w==",
      "dev": true
    }
  }
}
