# THIS IS AN AUTOGENERATED FILE. DO NOT EDIT THIS FILE DIRECTLY.
# yarn lockfile v1


"@types/bootstrap.v3.datetimepicker@^4.17.46":
  version "4.17.46"
  resolved "https://registry.yarnpkg.com/@types/bootstrap.v3.datetimepicker/-/bootstrap.v3.datetimepicker-4.17.46.tgz#134cab6e978c791dc2a334bbda24a1e1267016d3"
  dependencies:
    "@types/jquery" "*"
    moment ">=2.14.0"

"@types/bootstrap@^3.3.36":
  version "3.3.39"
  resolved "https://registry.yarnpkg.com/@types/bootstrap/-/bootstrap-3.3.39.tgz#aa0d208999e4a4f941de9468ff928c05507830f8"
  dependencies:
    "@types/jquery" "*"

"@types/jquery@*", "@types/jquery@^3.2.17":
  version "3.3.1"
  resolved "https://registry.yarnpkg.com/@types/jquery/-/jquery-3.3.1.tgz#55758d44d422756d6329cbf54e6d41931d7ba28f"

"@types/knockout.validation@0.0.36":
  version "0.0.36"
  resolved "https://registry.yarnpkg.com/@types/knockout.validation/-/knockout.validation-0.0.36.tgz#5cd8d1ea2ebc359df247fc6416d833af1744b558"
  dependencies:
    "@types/knockout" "*"

"@types/knockout@*", "@types/knockout@^3.4.47":
  version "3.4.53"
  resolved "https://registry.yarnpkg.com/@types/knockout/-/knockout-3.4.53.tgz#3c25b1d74f3c2b13557d0ecba4a38ad0c5ae7429"

"@types/moment@2.11.29":
  version "2.11.29"
  resolved "https://registry.yarnpkg.com/@types/moment/-/moment-2.11.29.tgz#65ec49cac8c22acb34623c2ae16969a1f1a65daf"

"@types/select2@^4.0.41":
  version "4.0.44"
  resolved "https://registry.yarnpkg.com/@types/select2/-/select2-4.0.44.tgz#c3dfdf93bff3b42e30470ffc9432e1d547319aa0"
  dependencies:
    "@types/jquery" "*"

moment@>=2.14.0:
  version "2.22.1"
  resolved "https://registry.yarnpkg.com/moment/-/moment-2.22.1.tgz#529a2e9bf973f259c9643d237fda84de3a26e8ad"
